// !$*UTF8*$!
{
	archiveVersion = 1;
	classes = {
	};
	objectVersion = 46;
	objects = {

/* Begin PBXBuildFile section */
		2C42A1CE1D903BD600924EC5 /* Extensions.swift in Sources */ = {isa = PBXBuildFile; fileRef = 2C42A1CD1D903BD600924EC5 /* Extensions.swift */; };
		2C9277BE1D7F28690068C1A9 /* AppDelegate.swift in Sources */ = {isa = PBXBuildFile; fileRef = 2C9277BD1D7F28690068C1A9 /* AppDelegate.swift */; };
		2C9277C01D7F28690068C1A9 /* ViewController.swift in Sources */ = {isa = PBXBuildFile; fileRef = 2C9277BF1D7F28690068C1A9 /* ViewController.swift */; };
		2C9277C31D7F28690068C1A9 /* Main.storyboard in Resources */ = {isa = PBXBuildFile; fileRef = 2C9277C11D7F28690068C1A9 /* Main.storyboard */; };
		2C9277C51D7F28690068C1A9 /* Assets.xcassets in Resources */ = {isa = PBXBuildFile; fileRef = 2C9277C41D7F28690068C1A9 /* Assets.xcassets */; };
		2C9277C81D7F28690068C1A9 /* LaunchScreen.storyboard in Resources */ = {isa = PBXBuildFile; fileRef = 2C9277C61D7F28690068C1A9 /* LaunchScreen.storyboard */; };
		2C9277D01D7F2F8E0068C1A9 /* PageCell.swift in Sources */ = {isa = PBXBuildFile; fileRef = 2C9277CF1D7F2F8E0068C1A9 /* PageCell.swift */; };
		2C9277D21D7F33400068C1A9 /* Page.swift in Sources */ = {isa = PBXBuildFile; fileRef = 2C9277D11D7F33400068C1A9 /* Page.swift */; };
/* End PBXBuildFile section */

/* Begin PBXFileReference section */
		2C42A1CD1D903BD600924EC5 /* Extensions.swift */ = {isa = PBXFileReference; fileEncoding = 4; lastKnownFileType = sourcecode.swift; path = Extensions.swift; sourceTree = "<group>"; };
		2C9277BA1D7F28680068C1A9 /* AudibleExample.app */ = {isa = PBXFileReference; explicitFileType = wrapper.application; includeInIndex = 0; path = AudibleExample.app; sourceTree = BUILT_PRODUCTS_DIR; };
		2C9277BD1D7F28690068C1A9 /* AppDelegate.swift */ = {isa = PBXFileReference; lastKnownFileType = sourcecode.swift; path = AppDelegate.swift; sourceTree = "<group>"; };
		2C9277BF1D7F28690068C1A9 /* ViewController.swift */ = {isa = PBXFileReference; lastKnownFileType = sourcecode.swift; path = ViewController.swift; sourceTree = "<group>"; };
		2C9277C21D7F28690068C1A9 /* Base */ = {isa = PBXFileReference; lastKnownFileType = file.storyboard; name = Base; path = Base.lproj/Main.storyboard; sourceTree = "<group>"; };
		2C9277C41D7F28690068C1A9 /* Assets.xcassets */ = {isa = PBXFileReference; lastKnownFileType = folder.assetcatalog; path = Assets.xcassets; sourceTree = "<group>"; };
		2C9277C71D7F28690068C1A9 /* Base */ = {isa = PBXFileReference; lastKnownFileType = file.storyboard; name = Base; path = Base.lproj/LaunchScreen.storyboard; sourceTree = "<group>"; };
		2C9277C91D7F28690068C1A9 /* Info.plist */ = {isa = PBXFileReference; lastKnownFileType = text.plist.xml; path = Info.plist; sourceTree = "<group>"; };
		2C9277CF1D7F2F8E0068C1A9 /* PageCell.swift */ = {isa = PBXFileReference; fileEncoding = 4; lastKnownFileType = sourcecode.swift; path = PageCell.swift; sourceTree = "<group>"; };
		2C9277D11D7F33400068C1A9 /* Page.swift */ = {isa = PBXFileReference; fileEncoding = 4; lastKnownFileType = sourcecode.swift; path = Page.swift; sourceTree = "<group>"; };
/* End PBXFileReference section */

/* Begin PBXFrameworksBuildPhase section */
		2C9277B71D7F28680068C1A9 /* Frameworks */ = {
			isa = PBXFrameworksBuildPhase;
			buildActionMask = 2147483647;
			files = (
			);
			runOnlyForDeploymentPostprocessing = 0;
		};
/* End PBXFrameworksBuildPhase section */

/* Begin PBXGroup section */
		2C9277B11D7F28680068C1A9 = {
			isa = PBXGroup;
			children = (
				2C9277BC1D7F28690068C1A9 /* AudibleExample */,
				2C9277BB1D7F28680068C1A9 /* Products */,
			);
			sourceTree = "<group>";
		};
		2C9277BB1D7F28680068C1A9 /* Products */ = {
			isa = PBXGroup;
			children = (
				2C9277BA1D7F28680068C1A9 /* AudibleExample.app */,
			);
			name = Products;
			sourceTree = "<group>";
		};
		2C9277BC1D7F28690068C1A9 /* AudibleExample */ = {
			isa = PBXGroup;
			children = (
				2C9277BD1D7F28690068C1A9 /* AppDelegate.swift */,
				2C9277BF1D7F28690068C1A9 /* ViewController.swift */,
				2C9277C11D7F28690068C1A9 /* Main.storyboard */,
				2C9277C41D7F28690068C1A9 /* Assets.xcassets */,
				2C9277C61D7F28690068C1A9 /* LaunchScreen.storyboard */,
				2C9277C91D7F28690068C1A9 /* Info.plist */,
				2C9277CF1D7F2F8E0068C1A9 /* PageCell.swift */,
				2C9277D11D7F33400068C1A9 /* Page.swift */,
				2C42A1CD1D903BD600924EC5 /* Extensions.swift */,
			);
			path = AudibleExample;
			sourceTree = "<group>";
		};
/* End PBXGroup section */

/* Begin PBXNativeTarget section */
		2C9277B91D7F28680068C1A9 /* AudibleExample */ = {
			isa = PBXNativeTarget;
			buildConfigurationList = 2C9277CC1D7F28690068C1A9 /* Build configuration list for PBXNativeTarget "AudibleExample" */;
			buildPhases = (
				2C9277B61D7F28680068C1A9 /* Sources */,
				2C9277B71D7F28680068C1A9 /* Frameworks */,
				2C9277B81D7F28680068C1A9 /* Resources */,
			);
			buildRules = (
			);
			dependencies = (
			);
			name = AudibleExample;
			productName = AudibleExample;
			productReference = 2C9277BA1D7F28680068C1A9 /* AudibleExample.app */;
			productType = "com.apple.product-type.application";
		};
/* End PBXNativeTarget section */

/* Begin PBXProject section */
		2C9277B21D7F28680068C1A9 /* Project object */ = {
			isa = PBXProject;
			attributes = {
				LastSwiftUpdateCheck = 0730;
				LastUpgradeCheck = 0800;
				ORGANIZATIONNAME = "Dante Solorio";
				TargetAttributes = {
					2C9277B91D7F28680068C1A9 = {
						CreatedOnToolsVersion = 7.3.1;
						LastSwiftMigration = 0800;
					};
				};
			};
			buildConfigurationList = 2C9277B51D7F28680068C1A9 /* Build configuration list for PBXProject "AudibleExample" */;
			compatibilityVersion = "Xcode 3.2";
			developmentRegion = English;
			hasScannedForEncodings = 0;
			knownRegions = (
				en,
				Base,
			);
			mainGroup = 2C9277B11D7F28680068C1A9;
			productRefGroup = 2C9277BB1D7F28680068C1A9 /* Products */;
			projectDirPath = "";
			projectRoot = "";
			targets = (
				2C9277B91D7F28680068C1A9 /* AudibleExample */,
			);
		};
/* End PBXProject section */

/* Begin PBXResourcesBuildPhase section */
		2C9277B81D7F28680068C1A9 /* Resources */ = {
			isa = PBXResourcesBuildPhase;
			buildActionMask = 2147483647;
			files = (
				2C9277C81D7F28690068C1A9 /* LaunchScreen.storyboard in Resources */,
				2C9277C51D7F28690068C1A9 /* Assets.xcassets in Resources */,
				2C9277C31D7F28690068C1A9 /* Main.storyboard in Resources */,
			);
			runOnlyForDeploymentPostprocessing = 0;
		};
/* End PBXResourcesBuildPhase section */

/* Begin PBXSourcesBuildPhase section */
		2C9277B61D7F28680068C1A9 /* Sources */ = {
			isa = PBXSourcesBuildPhase;
			buildActionMask = 2147483647;
			files = (
				2C42A1CE1D903BD600924EC5 /* Extensions.swift in Sources */,
				2C9277C01D7F28690068C1A9 /* ViewController.swift in Sources */,
				2C9277BE1D7F28690068C1A9 /* AppDelegate.swift in Sources */,
				2C9277D21D7F33400068C1A9 /* Page.swift in Sources */,
				2C9277D01D7F2F8E0068C1A9 /* PageCell.swift in Sources */,
			);
			runOnlyForDeploymentPostprocessing = 0;
		};
/* End PBXSourcesBuildPhase section */

/* Begin PBXVariantGroup section */
		2C9277C11D7F28690068C1A9 /* Main.storyboard */ = {
			isa = PBXVariantGroup;
			children = (
				2C9277C21D7F28690068C1A9 /* Base */,
			);
			name = Main.storyboard;
			sourceTree = "<group>";
		};
		2C9277C61D7F28690068C1A9 /* LaunchScreen.storyboard */ = {
			isa = PBXVariantGroup;
			children = (
				2C9277C71D7F28690068C1A9 /* Base */,
			);
			name = LaunchScreen.storyboard;
			sourceTree = "<group>";
		};
/* End PBXVariantGroup section */

/* Begin XCBuildConfiguration section */
		2C9277CA1D7F28690068C1A9 /* Debug */ = {
			isa = XCBuildConfiguration;
			buildSettings = {
				ALWAYS_SEARCH_USER_PATHS = NO;
				CLANG_ANALYZER_NONNULL = YES;
				CLANG_CXX_LANGUAGE_STANDARD = "gnu++0x";
				CLANG_CXX_LIBRARY = "libc++";
				CLANG_ENABLE_MODULES = YES;
				CLANG_ENABLE_OBJC_ARC = YES;
				CLANG_WARN_BOOL_CONVERSION = YES;
				CLANG_WARN_CONSTANT_CONVERSION = YES;
				CLANG_WARN_DIRECT_OBJC_ISA_USAGE = YES_ERROR;
				CLANG_WARN_EMPTY_BODY = YES;
				CLANG_WARN_ENUM_CONVERSION = YES;
				CLANG_WARN_INFINITE_RECURSION = YES;
				CLANG_WARN_INT_CONVERSION = YES;
				CLANG_WARN_OBJC_ROOT_CLASS = YES_ERROR;
				CLANG_WARN_SUSPICIOUS_MOVE = YES;
				CLANG_WARN_UNREACHABLE_CODE = YES;
				CLANG_WARN__DUPLICATE_METHOD_MATCH = YES;
				"CODE_SIGN_IDENTITY[sdk=iphoneos*]" = "iPhone Developer";
				COPY_PHASE_STRIP = NO;
				DEBUG_INFORMATION_FORMAT = dwarf;
				ENABLE_STRICT_OBJC_MSGSEND = YES;
				ENABLE_TESTABILITY = YES;
				GCC_C_LANGUAGE_STANDARD = gnu99;
				GCC_DYNAMIC_NO_PIC = NO;
				GCC_NO_COMMON_BLOCKS = YES;
				GCC_OPTIMIZATION_LEVEL = 0;
				GCC_PREPROCESSOR_DEFINITIONS = (
					"DEBUG=1",
					"$(inherited)",
				);
				GCC_WARN_64_TO_32_BIT_CONVERSION = YES;
				GCC_WARN_ABOUT_RETURN_TYPE = YES_ERROR;
				GCC_WARN_UNDECLARED_SELECTOR = YES;
				GCC_WARN_UNINITIALIZED_AUTOS = YES_AGGRESSIVE;
				GCC_WARN_UNUSED_FUNCTION = YES;
				GCC_WARN_UNUSED_VARIABLE = YES;
				IPHONEOS_DEPLOYMENT_TARGET = 9.3;
				MTL_ENABLE_DEBUG_INFO = YES;
				ONLY_ACTIVE_ARCH = YES;
				SDKROOT = iphoneos;
				SWIFT_OPTIMIZATION_LEVEL = "-Onone";
			};
			name = Debug;
		};
		2C9277CB1D7F28690068C1A9 /* Release */ = {
			isa = XCBuildConfiguration;
			buildSettings = {
				ALWAYS_SEARCH_USER_PATHS = NO;
				CLANG_ANALYZER_NONNULL = YES;
				CLANG_CXX_LANGUAGE_STANDARD = "gnu++0x";
				CLANG_CXX_LIBRARY = "libc++";
				CLANG_ENABLE_MODULES = YES;
				CLANG_ENABLE_OBJC_ARC = YES;
				CLANG_WARN_BOOL_CONVERSION = YES;
				CLANG_WARN_CONSTANT_CONVERSION = YES;
				CLANG_WARN_DIRECT_OBJC_ISA_USAGE = YES_ERROR;
				CLANG_WARN_EMPTY_BODY = YES;
				CLANG_WARN_ENUM_CONVERSION = YES;
				CLANG_WARN_INFINITE_RECURSION = YES;
				CLANG_WARN_INT_CONVERSION = YES;
				CLANG_WARN_OBJC_ROOT_CLASS = YES_ERROR;
				CLANG_WARN_SUSPICIOUS_MOVE = YES;
				CLANG_WARN_UNREACHABLE_CODE = YES;
				CLANG_WARN__DUPLICATE_METHOD_MATCH = YES;
				"CODE_SIGN_IDENTITY[sdk=iphoneos*]" = "iPhone Developer";
				COPY_PHASE_STRIP = NO;
				DEBUG_INFORMATION_FORMAT = "dwarf-with-dsym";
				ENABLE_NS_ASSERTIONS = NO;
				ENABLE_STRICT_OBJC_MSGSEND = YES;
				GCC_C_LANGUAGE_STANDARD = gnu99;
				GCC_NO_COMMON_BLOCKS = YES;
				GCC_WARN_64_TO_32_BIT_CONVERSION = YES;
				GCC_WARN_ABOUT_RETURN_TYPE = YES_ERROR;
				GCC_WARN_UNDECLARED_SELECTOR = YES;
				GCC_WARN_UNINITIALIZED_AUTOS = YES_AGGRESSIVE;
				GCC_WARN_UNUSED_FUNCTION = YES;
				GCC_WARN_UNUSED_VARIABLE = YES;
				IPHONEOS_DEPLOYMENT_TARGET = 9.3;
				MTL_ENABLE_DEBUG_INFO = NO;
				SDKROOT = iphoneos;
				SWIFT_OPTIMIZATION_LEVEL = "-Owholemodule";
				VALIDATE_PRODUCT = YES;
			};
			name = Release;
		};
		2C9277CD1D7F28690068C1A9 /* Debug */ = {
			isa = XCBuildConfiguration;
			buildSettings = {
				ASSETCATALOG_COMPILER_APPICON_NAME = AppIcon;
				INFOPLIST_FILE = AudibleExample/Info.plist;
				LD_RUNPATH_SEARCH_PATHS = "$(inherited) @executable_path/Frameworks";
				PRODUCT_BUNDLE_IDENTIFIER = com.dsoloiro.AudibleExample;
				PRODUCT_NAME = "$(TARGET_NAME)";
				SWIFT_VERSION = 3.0;
			};
			name = Debug;
		};
		2C9277CE1D7F28690068C1A9 /* Release */ = {
			isa = XCBuildConfiguration;
			buildSettings = {
				ASSETCATALOG_COMPILER_APPICON_NAME = AppIcon;
				INFOPLIST_FILE = AudibleExample/Info.plist;
				LD_RUNPATH_SEARCH_PATHS = "$(inherited) @executable_path/Frameworks";
				PRODUCT_BUNDLE_IDENTIFIER = com.dsoloiro.AudibleExample;
				PRODUCT_NAME = "$(TARGET_NAME)";
				SWIFT_VERSION = 3.0;
			};
			name = Release;
		};
/* End XCBuildConfiguration section */

/* Begin XCConfigurationList section */
		2C9277B51D7F28680068C1A9 /* Build configuration list for PBXProject "AudibleExample" */ = {
			isa = XCConfigurationList;
			buildConfigurations = (
				2C9277CA1D7F28690068C1A9 /* Debug */,
				2C9277CB1D7F28690068C1A9 /* Release */,
			);
			defaultConfigurationIsVisible = 0;
			defaultConfigurationName = Release;
		};
		2C9277CC1D7F28690068C1A9 /* Build configuration list for PBXNativeTarget "AudibleExample" */ = {
			isa = XCConfigurationList;
			buildConfigurations = (
				2C9277CD1D7F28690068C1A9 /* Debug */,
				2C9277CE1D7F28690068C1A9 /* Release */,
			);
			defaultConfigurationIsVisible = 0;
			defaultConfigurationName = Release;
		};
/* End XCConfigurationList section */
	};
	rootObject = 2C9277B21D7F28680068C1A9 /* Project object */;
}
